
Microsoft Visual Studio Solution File, Format Version 12.00
# Visual Studio Version 17
VisualStudioVersion = 17.2.32516.85
MinimumVisualStudioVersion = 10.0.40219.1
Project("{FAE04EC0-301F-11D3-BF4B-00C04F79EFBC}") = "C Sharpe Practice", "C Sharpe Practice\C Sharpe Practice.csproj", "{2B26EA62-9F25-4AD4-84B9-DF16D6EA293D}"
EndProject
Global
	GlobalSection(SolutionConfigurationPlatforms) = preSolution
		Debug|Any CPU = Debug|Any CPU
		Release|Any CPU = Release|Any CPU
	EndGlobalSection
	GlobalSection(ProjectConfigurationPlatforms) = postSolution
		{2B26EA62-9F25-4AD4-84B9-DF16D6EA293D}.Debug|Any CPU.ActiveCfg = Debug|Any CPU
		{2B26EA62-9F25-4AD4-84B9-DF16D6EA293D}.Debug|Any CPU.Build.0 = Debug|Any CPU
		{2B26EA62-9F25-4AD4-84B9-DF16D6EA293D}.Release|Any CPU.ActiveCfg = Release|Any CPU
		{2B26EA62-9F25-4AD4-84B9-DF16D6EA293D}.Release|Any CPU.Build.0 = Release|Any CPU
	EndGlobalSection
	GlobalSection(SolutionProperties) = preSolution
		HideSolutionNode = FALSE
	EndGlobalSection
	GlobalSection(ExtensibilityGlobals) = postSolution
		SolutionGuid = {FFA93542-8364-4F25-B110-0262484BD638}
	EndGlobalSection
EndGlobal
