
Microsoft Visual Studio Solution File, Format Version 12.00
# Visual Studio Version 17
VisualStudioVersion = 17.2.32516.85
MinimumVisualStudioVersion = 10.0.40219.1
Project("{FAE04EC0-301F-11D3-BF4B-00C04F79EFBC}") = "C-Sharp-Practice", "C-Sharp-Practice\C-Sharp-Practice.csproj", "{4C4CC978-300D-4ED3-BD44-86B1365B08A6}"
EndProject
Global
	GlobalSection(SolutionConfigurationPlatforms) = preSolution
		Debug|Any CPU = Debug|Any CPU
		Release|Any CPU = Release|Any CPU
	EndGlobalSection
	GlobalSection(ProjectConfigurationPlatforms) = postSolution
		{4C4CC978-300D-4ED3-BD44-86B1365B08A6}.Debug|Any CPU.ActiveCfg = Debug|Any CPU
		{4C4CC978-300D-4ED3-BD44-86B1365B08A6}.Debug|Any CPU.Build.0 = Debug|Any CPU
		{4C4CC978-300D-4ED3-BD44-86B1365B08A6}.Release|Any CPU.ActiveCfg = Release|Any CPU
		{4C4CC978-300D-4ED3-BD44-86B1365B08A6}.Release|Any CPU.Build.0 = Release|Any CPU
	EndGlobalSection
	GlobalSection(SolutionProperties) = preSolution
		HideSolutionNode = FALSE
	EndGlobalSection
	GlobalSection(ExtensibilityGlobals) = postSolution
		SolutionGuid = {AD8FC306-E543-4B69-9F71-0DD996CDF75A}
	EndGlobalSection
EndGlobal
